
Microsoft Visual Studio Solution File, Format Version 12.00
# Visual Studio Version 16
VisualStudioVersion = 16.0.28822.285
MinimumVisualStudioVersion = 10.0.40219.1
Project("{9A19103F-16F7-4668-BE54-9A1E7A4F7556}") = "Start9.UI.Wpf", "Start9.UI.Wpf\Start9.UI.Wpf.csproj", "{727669AC-3F83-41E1-AEFD-13A8F0C1FDAD}"
EndProject
Project("{9A19103F-16F7-4668-BE54-9A1E7A4F7556}") = "FrontEndTest", "FrontEndTest\FrontEndTest.csproj", "{9116036E-386C-4AF6-B0B3-C8374239A10B}"
EndProject
Project("{9A19103F-16F7-4668-BE54-9A1E7A4F7556}") = "Start9.Wpf.Styles.Shale", "Themes\Shale\Start9.Wpf.Styles.Shale.csproj", "{1648A481-D3D4-49AC-B415-40AD57FEA938}"
EndProject
Project("{9A19103F-16F7-4668-BE54-9A1E7A4F7556}") = "Start9.Wpf.Styles.Plex", "Themes\Plex\Start9.Wpf.Styles.Plex.csproj", "{0A955652-DB8A-4B40-B02D-E71E1CFFF835}"
EndProject
Global
	GlobalSection(SolutionConfigurationPlatforms) = preSolution
		Debug|Any CPU = Debug|Any CPU
		Release|Any CPU = Release|Any CPU
	EndGlobalSection
	GlobalSection(ProjectConfigurationPlatforms) = postSolution
		{727669AC-3F83-41E1-AEFD-13A8F0C1FDAD}.Debug|Any CPU.ActiveCfg = Debug|Any CPU
		{727669AC-3F83-41E1-AEFD-13A8F0C1FDAD}.Debug|Any CPU.Build.0 = Debug|Any CPU
		{727669AC-3F83-41E1-AEFD-13A8F0C1FDAD}.Release|Any CPU.ActiveCfg = Release|Any CPU
		{727669AC-3F83-41E1-AEFD-13A8F0C1FDAD}.Release|Any CPU.Build.0 = Release|Any CPU
		{9116036E-386C-4AF6-B0B3-C8374239A10B}.Debug|Any CPU.ActiveCfg = Debug|Any CPU
		{9116036E-386C-4AF6-B0B3-C8374239A10B}.Debug|Any CPU.Build.0 = Debug|Any CPU
		{9116036E-386C-4AF6-B0B3-C8374239A10B}.Release|Any CPU.ActiveCfg = Release|Any CPU
		{9116036E-386C-4AF6-B0B3-C8374239A10B}.Release|Any CPU.Build.0 = Release|Any CPU
		{1648A481-D3D4-49AC-B415-40AD57FEA938}.Debug|Any CPU.ActiveCfg = Debug|Any CPU
		{1648A481-D3D4-49AC-B415-40AD57FEA938}.Debug|Any CPU.Build.0 = Debug|Any CPU
		{1648A481-D3D4-49AC-B415-40AD57FEA938}.Release|Any CPU.ActiveCfg = Release|Any CPU
		{1648A481-D3D4-49AC-B415-40AD57FEA938}.Release|Any CPU.Build.0 = Release|Any CPU
		{0A955652-DB8A-4B40-B02D-E71E1CFFF835}.Debug|Any CPU.ActiveCfg = Debug|Any CPU
		{0A955652-DB8A-4B40-B02D-E71E1CFFF835}.Debug|Any CPU.Build.0 = Debug|Any CPU
		{0A955652-DB8A-4B40-B02D-E71E1CFFF835}.Release|Any CPU.ActiveCfg = Release|Any CPU
		{0A955652-DB8A-4B40-B02D-E71E1CFFF835}.Release|Any CPU.Build.0 = Release|Any CPU
	EndGlobalSection
	GlobalSection(SolutionProperties) = preSolution
		HideSolutionNode = FALSE
	EndGlobalSection
	GlobalSection(ExtensibilityGlobals) = postSolution
		SolutionGuid = {C5CF2DA7-55B1-4976-8D91-97F020509138}
	EndGlobalSection
EndGlobal
